// !$*UTF8*$!
{
	archiveVersion = 1;
	classes = {
	};
	objectVersion = 46;
	objects = {

/* Begin PBXBuildFile section */
		2A61892D1ECD4F12000C4FBF /* AppDelegate.swift in Sources */ = {isa = PBXBuildFile; fileRef = 2A61892C1ECD4F12000C4FBF /* AppDelegate.swift */; };
		2A61892F1ECD4F12000C4FBF /* ViewController.swift in Sources */ = {isa = PBXBuildFile; fileRef = 2A61892E1ECD4F12000C4FBF /* ViewController.swift */; };
		2A6189321ECD4F12000C4FBF /* Main.storyboard in Resources */ = {isa = PBXBuildFile; fileRef = 2A6189301ECD4F12000C4FBF /* Main.storyboard */; };
		2A6189341ECD4F13000C4FBF /* Assets.xcassets in Resources */ = {isa = PBXBuildFile; fileRef = 2A6189331ECD4F13000C4FBF /* Assets.xcassets */; };
		2A6189371ECD4F13000C4FBF /* LaunchScreen.storyboard in Resources */ = {isa = PBXBuildFile; fileRef = 2A6189351ECD4F13000C4FBF /* LaunchScreen.storyboard */; };
		2A6189421ECD4F13000C4FBF /* TYPageViewDemo1Tests.swift in Sources */ = {isa = PBXBuildFile; fileRef = 2A6189411ECD4F13000C4FBF /* TYPageViewDemo1Tests.swift */; };
		2A61894D1ECD4F13000C4FBF /* TYPageViewDemo1UITests.swift in Sources */ = {isa = PBXBuildFile; fileRef = 2A61894C1ECD4F13000C4FBF /* TYPageViewDemo1UITests.swift */; };
		2A61895C1ECD5013000C4FBF /* TYPageView.swift in Sources */ = {isa = PBXBuildFile; fileRef = 2A61895B1ECD5013000C4FBF /* TYPageView.swift */; };
		2A61895E1ECD5038000C4FBF /* TYPageTitleView.swift in Sources */ = {isa = PBXBuildFile; fileRef = 2A61895D1ECD5038000C4FBF /* TYPageTitleView.swift */; };
		2A6189601ECD505A000C4FBF /* TYPageStyle.swift in Sources */ = {isa = PBXBuildFile; fileRef = 2A61895F1ECD505A000C4FBF /* TYPageStyle.swift */; };
		2A6189621ECD71B7000C4FBF /* TYContentController.swift in Sources */ = {isa = PBXBuildFile; fileRef = 2A6189611ECD71B7000C4FBF /* TYContentController.swift */; };
		2A6189661ECD7D69000C4FBF /* Color+Extension.swift in Sources */ = {isa = PBXBuildFile; fileRef = 2A6189651ECD7D69000C4FBF /* Color+Extension.swift */; };
/* End PBXBuildFile section */

/* Begin PBXContainerItemProxy section */
		2A61893E1ECD4F13000C4FBF /* PBXContainerItemProxy */ = {
			isa = PBXContainerItemProxy;
			containerPortal = 2A6189211ECD4F12000C4FBF /* Project object */;
			proxyType = 1;
			remoteGlobalIDString = 2A6189281ECD4F12000C4FBF;
			remoteInfo = TYPageViewDemo1;
		};
		2A6189491ECD4F13000C4FBF /* PBXContainerItemProxy */ = {
			isa = PBXContainerItemProxy;
			containerPortal = 2A6189211ECD4F12000C4FBF /* Project object */;
			proxyType = 1;
			remoteGlobalIDString = 2A6189281ECD4F12000C4FBF;
			remoteInfo = TYPageViewDemo1;
		};
/* End PBXContainerItemProxy section */

/* Begin PBXFileReference section */
		2A6189291ECD4F12000C4FBF /* TYPageViewDemo1.app */ = {isa = PBXFileReference; explicitFileType = wrapper.application; includeInIndex = 0; path = TYPageViewDemo1.app; sourceTree = BUILT_PRODUCTS_DIR; };
		2A61892C1ECD4F12000C4FBF /* AppDelegate.swift */ = {isa = PBXFileReference; lastKnownFileType = sourcecode.swift; path = AppDelegate.swift; sourceTree = "<group>"; };
		2A61892E1ECD4F12000C4FBF /* ViewController.swift */ = {isa = PBXFileReference; lastKnownFileType = sourcecode.swift; path = ViewController.swift; sourceTree = "<group>"; };
		2A6189311ECD4F12000C4FBF /* Base */ = {isa = PBXFileReference; lastKnownFileType = file.storyboard; name = Base; path = Base.lproj/Main.storyboard; sourceTree = "<group>"; };
		2A6189331ECD4F13000C4FBF /* Assets.xcassets */ = {isa = PBXFileReference; lastKnownFileType = folder.assetcatalog; path = Assets.xcassets; sourceTree = "<group>"; };
		2A6189361ECD4F13000C4FBF /* Base */ = {isa = PBXFileReference; lastKnownFileType = file.storyboard; name = Base; path = Base.lproj/LaunchScreen.storyboard; sourceTree = "<group>"; };
		2A6189381ECD4F13000C4FBF /* Info.plist */ = {isa = PBXFileReference; lastKnownFileType = text.plist.xml; path = Info.plist; sourceTree = "<group>"; };
		2A61893D1ECD4F13000C4FBF /* TYPageViewDemo1Tests.xctest */ = {isa = PBXFileReference; explicitFileType = wrapper.cfbundle; includeInIndex = 0; path = TYPageViewDemo1Tests.xctest; sourceTree = BUILT_PRODUCTS_DIR; };
		2A6189411ECD4F13000C4FBF /* TYPageViewDemo1Tests.swift */ = {isa = PBXFileReference; lastKnownFileType = sourcecode.swift; path = TYPageViewDemo1Tests.swift; sourceTree = "<group>"; };
		2A6189431ECD4F13000C4FBF /* Info.plist */ = {isa = PBXFileReference; lastKnownFileType = text.plist.xml; path = Info.plist; sourceTree = "<group>"; };
		2A6189481ECD4F13000C4FBF /* TYPageViewDemo1UITests.xctest */ = {isa = PBXFileReference; explicitFileType = wrapper.cfbundle; includeInIndex = 0; path = TYPageViewDemo1UITests.xctest; sourceTree = BUILT_PRODUCTS_DIR; };
		2A61894C1ECD4F13000C4FBF /* TYPageViewDemo1UITests.swift */ = {isa = PBXFileReference; lastKnownFileType = sourcecode.swift; path = TYPageViewDemo1UITests.swift; sourceTree = "<group>"; };
		2A61894E1ECD4F13000C4FBF /* Info.plist */ = {isa = PBXFileReference; lastKnownFileType = text.plist.xml; path = Info.plist; sourceTree = "<group>"; };
		2A61895B1ECD5013000C4FBF /* TYPageView.swift */ = {isa = PBXFileReference; fileEncoding = 4; lastKnownFileType = sourcecode.swift; path = TYPageView.swift; sourceTree = "<group>"; };
		2A61895D1ECD5038000C4FBF /* TYPageTitleView.swift */ = {isa = PBXFileReference; fileEncoding = 4; lastKnownFileType = sourcecode.swift; path = TYPageTitleView.swift; sourceTree = "<group>"; };
		2A61895F1ECD505A000C4FBF /* TYPageStyle.swift */ = {isa = PBXFileReference; fileEncoding = 4; lastKnownFileType = sourcecode.swift; path = TYPageStyle.swift; sourceTree = "<group>"; };
		2A6189611ECD71B7000C4FBF /* TYContentController.swift */ = {isa = PBXFileReference; fileEncoding = 4; lastKnownFileType = sourcecode.swift; path = TYContentController.swift; sourceTree = "<group>"; };
		2A6189651ECD7D69000C4FBF /* Color+Extension.swift */ = {isa = PBXFileReference; fileEncoding = 4; lastKnownFileType = sourcecode.swift; path = "Color+Extension.swift"; sourceTree = "<group>"; };
/* End PBXFileReference section */

/* Begin PBXFrameworksBuildPhase section */
		2A6189261ECD4F12000C4FBF /* Frameworks */ = {
			isa = PBXFrameworksBuildPhase;
			buildActionMask = 2147483647;
			files = (
			);
			runOnlyForDeploymentPostprocessing = 0;
		};
		2A61893A1ECD4F13000C4FBF /* Frameworks */ = {
			isa = PBXFrameworksBuildPhase;
			buildActionMask = 2147483647;
			files = (
			);
			runOnlyForDeploymentPostprocessing = 0;
		};
		2A6189451ECD4F13000C4FBF /* Frameworks */ = {
			isa = PBXFrameworksBuildPhase;
			buildActionMask = 2147483647;
			files = (
			);
			runOnlyForDeploymentPostprocessing = 0;
		};
/* End PBXFrameworksBuildPhase section */

/* Begin PBXGroup section */
		2A6189201ECD4F12000C4FBF = {
			isa = PBXGroup;
			children = (
				2A61892B1ECD4F12000C4FBF /* TYPageViewDemo1 */,
				2A6189401ECD4F13000C4FBF /* TYPageViewDemo1Tests */,
				2A61894B1ECD4F13000C4FBF /* TYPageViewDemo1UITests */,
				2A61892A1ECD4F12000C4FBF /* Products */,
			);
			sourceTree = "<group>";
		};
		2A61892A1ECD4F12000C4FBF /* Products */ = {
			isa = PBXGroup;
			children = (
				2A6189291ECD4F12000C4FBF /* TYPageViewDemo1.app */,
				2A61893D1ECD4F13000C4FBF /* TYPageViewDemo1Tests.xctest */,
				2A6189481ECD4F13000C4FBF /* TYPageViewDemo1UITests.xctest */,
			);
			name = Products;
			sourceTree = "<group>";
		};
		2A61892B1ECD4F12000C4FBF /* TYPageViewDemo1 */ = {
			isa = PBXGroup;
			children = (
				2A61895A1ECD4F59000C4FBF /* TYPageView */,
				2A61892C1ECD4F12000C4FBF /* AppDelegate.swift */,
				2A61892E1ECD4F12000C4FBF /* ViewController.swift */,
				2A6189611ECD71B7000C4FBF /* TYContentController.swift */,
				2A6189301ECD4F12000C4FBF /* Main.storyboard */,
				2A6189331ECD4F13000C4FBF /* Assets.xcassets */,
				2A6189351ECD4F13000C4FBF /* LaunchScreen.storyboard */,
				2A6189381ECD4F13000C4FBF /* Info.plist */,
			);
			path = TYPageViewDemo1;
			sourceTree = "<group>";
		};
		2A6189401ECD4F13000C4FBF /* TYPageViewDemo1Tests */ = {
			isa = PBXGroup;
			children = (
				2A6189411ECD4F13000C4FBF /* TYPageViewDemo1Tests.swift */,
				2A6189431ECD4F13000C4FBF /* Info.plist */,
			);
			path = TYPageViewDemo1Tests;
			sourceTree = "<group>";
		};
		2A61894B1ECD4F13000C4FBF /* TYPageViewDemo1UITests */ = {
			isa = PBXGroup;
			children = (
				2A61894C1ECD4F13000C4FBF /* TYPageViewDemo1UITests.swift */,
				2A61894E1ECD4F13000C4FBF /* Info.plist */,
			);
			path = TYPageViewDemo1UITests;
			sourceTree = "<group>";
		};
		2A61895A1ECD4F59000C4FBF /* TYPageView */ = {
			isa = PBXGroup;
			children = (
				2A61895B1ECD5013000C4FBF /* TYPageView.swift */,
				2A61895D1ECD5038000C4FBF /* TYPageTitleView.swift */,
				2A61895F1ECD505A000C4FBF /* TYPageStyle.swift */,
				2A6189651ECD7D69000C4FBF /* Color+Extension.swift */,
			);
			path = TYPageView;
			sourceTree = "<group>";
		};
/* End PBXGroup section */

/* Begin PBXNativeTarget section */
		2A6189281ECD4F12000C4FBF /* TYPageViewDemo1 */ = {
			isa = PBXNativeTarget;
			buildConfigurationList = 2A6189511ECD4F13000C4FBF /* Build configuration list for PBXNativeTarget "TYPageViewDemo1" */;
			buildPhases = (
				2A6189251ECD4F12000C4FBF /* Sources */,
				2A6189261ECD4F12000C4FBF /* Frameworks */,
				2A6189271ECD4F12000C4FBF /* Resources */,
			);
			buildRules = (
			);
			dependencies = (
			);
			name = TYPageViewDemo1;
			productName = TYPageViewDemo1;
			productReference = 2A6189291ECD4F12000C4FBF /* TYPageViewDemo1.app */;
			productType = "com.apple.product-type.application";
		};
		2A61893C1ECD4F13000C4FBF /* TYPageViewDemo1Tests */ = {
			isa = PBXNativeTarget;
			buildConfigurationList = 2A6189541ECD4F13000C4FBF /* Build configuration list for PBXNativeTarget "TYPageViewDemo1Tests" */;
			buildPhases = (
				2A6189391ECD4F13000C4FBF /* Sources */,
				2A61893A1ECD4F13000C4FBF /* Frameworks */,
				2A61893B1ECD4F13000C4FBF /* Resources */,
			);
			buildRules = (
			);
			dependencies = (
				2A61893F1ECD4F13000C4FBF /* PBXTargetDependency */,
			);
			name = TYPageViewDemo1Tests;
			productName = TYPageViewDemo1Tests;
			productReference = 2A61893D1ECD4F13000C4FBF /* TYPageViewDemo1Tests.xctest */;
			productType = "com.apple.product-type.bundle.unit-test";
		};
		2A6189471ECD4F13000C4FBF /* TYPageViewDemo1UITests */ = {
			isa = PBXNativeTarget;
			buildConfigurationList = 2A6189571ECD4F13000C4FBF /* Build configuration list for PBXNativeTarget "TYPageViewDemo1UITests" */;
			buildPhases = (
				2A6189441ECD4F13000C4FBF /* Sources */,
				2A6189451ECD4F13000C4FBF /* Frameworks */,
				2A6189461ECD4F13000C4FBF /* Resources */,
			);
			buildRules = (
			);
			dependencies = (
				2A61894A1ECD4F13000C4FBF /* PBXTargetDependency */,
			);
			name = TYPageViewDemo1UITests;
			productName = TYPageViewDemo1UITests;
			productReference = 2A6189481ECD4F13000C4FBF /* TYPageViewDemo1UITests.xctest */;
			productType = "com.apple.product-type.bundle.ui-testing";
		};
/* End PBXNativeTarget section */

/* Begin PBXProject section */
		2A6189211ECD4F12000C4FBF /* Project object */ = {
			isa = PBXProject;
			attributes = {
				LastSwiftUpdateCheck = 0830;
				LastUpgradeCheck = 0830;
				ORGANIZATIONNAME = LOVEGO;
				TargetAttributes = {
					2A6189281ECD4F12000C4FBF = {
						CreatedOnToolsVersion = 8.3.2;
						ProvisioningStyle = Automatic;
					};
					2A61893C1ECD4F13000C4FBF = {
						CreatedOnToolsVersion = 8.3.2;
						ProvisioningStyle = Automatic;
						TestTargetID = 2A6189281ECD4F12000C4FBF;
					};
					2A6189471ECD4F13000C4FBF = {
						CreatedOnToolsVersion = 8.3.2;
						ProvisioningStyle = Automatic;
						TestTargetID = 2A6189281ECD4F12000C4FBF;
					};
				};
			};
			buildConfigurationList = 2A6189241ECD4F12000C4FBF /* Build configuration list for PBXProject "TYPageViewDemo1" */;
			compatibilityVersion = "Xcode 3.2";
			developmentRegion = English;
			hasScannedForEncodings = 0;
			knownRegions = (
				en,
				Base,
			);
			mainGroup = 2A6189201ECD4F12000C4FBF;
			productRefGroup = 2A61892A1ECD4F12000C4FBF /* Products */;
			projectDirPath = "";
			projectRoot = "";
			targets = (
				2A6189281ECD4F12000C4FBF /* TYPageViewDemo1 */,
				2A61893C1ECD4F13000C4FBF /* TYPageViewDemo1Tests */,
				2A6189471ECD4F13000C4FBF /* TYPageViewDemo1UITests */,
			);
		};
/* End PBXProject section */

/* Begin PBXResourcesBuildPhase section */
		2A6189271ECD4F12000C4FBF /* Resources */ = {
			isa = PBXResourcesBuildPhase;
			buildActionMask = 2147483647;
			files = (
				2A6189371ECD4F13000C4FBF /* LaunchScreen.storyboard in Resources */,
				2A6189341ECD4F13000C4FBF /* Assets.xcassets in Resources */,
				2A6189321ECD4F12000C4FBF /* Main.storyboard in Resources */,
			);
			runOnlyForDeploymentPostprocessing = 0;
		};
		2A61893B1ECD4F13000C4FBF /* Resources */ = {
			isa = PBXResourcesBuildPhase;
			buildActionMask = 2147483647;
			files = (
			);
			runOnlyForDeploymentPostprocessing = 0;
		};
		2A6189461ECD4F13000C4FBF /* Resources */ = {
			isa = PBXResourcesBuildPhase;
			buildActionMask = 2147483647;
			files = (
			);
			runOnlyForDeploymentPostprocessing = 0;
		};
/* End PBXResourcesBuildPhase section */

/* Begin PBXSourcesBuildPhase section */
		2A6189251ECD4F12000C4FBF /* Sources */ = {
			isa = PBXSourcesBuildPhase;
			buildActionMask = 2147483647;
			files = (
				2A61892F1ECD4F12000C4FBF /* ViewController.swift in Sources */,
				2A6189661ECD7D69000C4FBF /* Color+Extension.swift in Sources */,
				2A61892D1ECD4F12000C4FBF /* AppDelegate.swift in Sources */,
				2A6189621ECD71B7000C4FBF /* TYContentController.swift in Sources */,
				2A61895C1ECD5013000C4FBF /* TYPageView.swift in Sources */,
				2A61895E1ECD5038000C4FBF /* TYPageTitleView.swift in Sources */,
				2A6189601ECD505A000C4FBF /* TYPageStyle.swift in Sources */,
			);
			runOnlyForDeploymentPostprocessing = 0;
		};
		2A6189391ECD4F13000C4FBF /* Sources */ = {
			isa = PBXSourcesBuildPhase;
			buildActionMask = 2147483647;
			files = (
				2A6189421ECD4F13000C4FBF /* TYPageViewDemo1Tests.swift in Sources */,
			);
			runOnlyForDeploymentPostprocessing = 0;
		};
		2A6189441ECD4F13000C4FBF /* Sources */ = {
			isa = PBXSourcesBuildPhase;
			buildActionMask = 2147483647;
			files = (
				2A61894D1ECD4F13000C4FBF /* TYPageViewDemo1UITests.swift in Sources */,
			);
			runOnlyForDeploymentPostprocessing = 0;
		};
/* End PBXSourcesBuildPhase section */

/* Begin PBXTargetDependency section */
		2A61893F1ECD4F13000C4FBF /* PBXTargetDependency */ = {
			isa = PBXTargetDependency;
			target = 2A6189281ECD4F12000C4FBF /* TYPageViewDemo1 */;
			targetProxy = 2A61893E1ECD4F13000C4FBF /* PBXContainerItemProxy */;
		};
		2A61894A1ECD4F13000C4FBF /* PBXTargetDependency */ = {
			isa = PBXTargetDependency;
			target = 2A6189281ECD4F12000C4FBF /* TYPageViewDemo1 */;
			targetProxy = 2A6189491ECD4F13000C4FBF /* PBXContainerItemProxy */;
		};
/* End PBXTargetDependency section */

/* Begin PBXVariantGroup section */
		2A6189301ECD4F12000C4FBF /* Main.storyboard */ = {
			isa = PBXVariantGroup;
			children = (
				2A6189311ECD4F12000C4FBF /* Base */,
			);
			name = Main.storyboard;
			sourceTree = "<group>";
		};
		2A6189351ECD4F13000C4FBF /* LaunchScreen.storyboard */ = {
			isa = PBXVariantGroup;
			children = (
				2A6189361ECD4F13000C4FBF /* Base */,
			);
			name = LaunchScreen.storyboard;
			sourceTree = "<group>";
		};
/* End PBXVariantGroup section */

/* Begin XCBuildConfiguration section */
		2A61894F1ECD4F13000C4FBF /* Debug */ = {
			isa = XCBuildConfiguration;
			buildSettings = {
				ALWAYS_SEARCH_USER_PATHS = NO;
				CLANG_ANALYZER_NONNULL = YES;
				CLANG_ANALYZER_NUMBER_OBJECT_CONVERSION = YES_AGGRESSIVE;
				CLANG_CXX_LANGUAGE_STANDARD = "gnu++0x";
				CLANG_CXX_LIBRARY = "libc++";
				CLANG_ENABLE_MODULES = YES;
				CLANG_ENABLE_OBJC_ARC = YES;
				CLANG_WARN_BOOL_CONVERSION = YES;
				CLANG_WARN_CONSTANT_CONVERSION = YES;
				CLANG_WARN_DIRECT_OBJC_ISA_USAGE = YES_ERROR;
				CLANG_WARN_DOCUMENTATION_COMMENTS = YES;
				CLANG_WARN_EMPTY_BODY = YES;
				CLANG_WARN_ENUM_CONVERSION = YES;
				CLANG_WARN_INFINITE_RECURSION = YES;
				CLANG_WARN_INT_CONVERSION = YES;
				CLANG_WARN_OBJC_ROOT_CLASS = YES_ERROR;
				CLANG_WARN_SUSPICIOUS_MOVE = YES;
				CLANG_WARN_UNREACHABLE_CODE = YES;
				CLANG_WARN__DUPLICATE_METHOD_MATCH = YES;
				"CODE_SIGN_IDENTITY[sdk=iphoneos*]" = "iPhone Developer";
				COPY_PHASE_STRIP = NO;
				DEBUG_INFORMATION_FORMAT = dwarf;
				ENABLE_STRICT_OBJC_MSGSEND = YES;
				ENABLE_TESTABILITY = YES;
				GCC_C_LANGUAGE_STANDARD = gnu99;
				GCC_DYNAMIC_NO_PIC = NO;
				GCC_NO_COMMON_BLOCKS = YES;
				GCC_OPTIMIZATION_LEVEL = 0;
				GCC_PREPROCESSOR_DEFINITIONS = (
					"DEBUG=1",
					"$(inherited)",
				);
				GCC_WARN_64_TO_32_BIT_CONVERSION = YES;
				GCC_WARN_ABOUT_RETURN_TYPE = YES_ERROR;
				GCC_WARN_UNDECLARED_SELECTOR = YES;
				GCC_WARN_UNINITIALIZED_AUTOS = YES_AGGRESSIVE;
				GCC_WARN_UNUSED_FUNCTION = YES;
				GCC_WARN_UNUSED_VARIABLE = YES;
				IPHONEOS_DEPLOYMENT_TARGET = 10.3;
				MTL_ENABLE_DEBUG_INFO = YES;
				ONLY_ACTIVE_ARCH = YES;
				SDKROOT = iphoneos;
				SWIFT_ACTIVE_COMPILATION_CONDITIONS = DEBUG;
				SWIFT_OPTIMIZATION_LEVEL = "-Onone";
			};
			name = Debug;
		};
		2A6189501ECD4F13000C4FBF /* Release */ = {
			isa = XCBuildConfiguration;
			buildSettings = {
				ALWAYS_SEARCH_USER_PATHS = NO;
				CLANG_ANALYZER_NONNULL = YES;
				CLANG_ANALYZER_NUMBER_OBJECT_CONVERSION = YES_AGGRESSIVE;
				CLANG_CXX_LANGUAGE_STANDARD = "gnu++0x";
				CLANG_CXX_LIBRARY = "libc++";
				CLANG_ENABLE_MODULES = YES;
				CLANG_ENABLE_OBJC_ARC = YES;
				CLANG_WARN_BOOL_CONVERSION = YES;
				CLANG_WARN_CONSTANT_CONVERSION = YES;
				CLANG_WARN_DIRECT_OBJC_ISA_USAGE = YES_ERROR;
				CLANG_WARN_DOCUMENTATION_COMMENTS = YES;
				CLANG_WARN_EMPTY_BODY = YES;
				CLANG_WARN_ENUM_CONVERSION = YES;
				CLANG_WARN_INFINITE_RECURSION = YES;
				CLANG_WARN_INT_CONVERSION = YES;
				CLANG_WARN_OBJC_ROOT_CLASS = YES_ERROR;
				CLANG_WARN_SUSPICIOUS_MOVE = YES;
				CLANG_WARN_UNREACHABLE_CODE = YES;
				CLANG_WARN__DUPLICATE_METHOD_MATCH = YES;
				"CODE_SIGN_IDENTITY[sdk=iphoneos*]" = "iPhone Developer";
				COPY_PHASE_STRIP = NO;
				DEBUG_INFORMATION_FORMAT = "dwarf-with-dsym";
				ENABLE_NS_ASSERTIONS = NO;
				ENABLE_STRICT_OBJC_MSGSEND = YES;
				GCC_C_LANGUAGE_STANDARD = gnu99;
				GCC_NO_COMMON_BLOCKS = YES;
				GCC_WARN_64_TO_32_BIT_CONVERSION = YES;
				GCC_WARN_ABOUT_RETURN_TYPE = YES_ERROR;
				GCC_WARN_UNDECLARED_SELECTOR = YES;
				GCC_WARN_UNINITIALIZED_AUTOS = YES_AGGRESSIVE;
				GCC_WARN_UNUSED_FUNCTION = YES;
				GCC_WARN_UNUSED_VARIABLE = YES;
				IPHONEOS_DEPLOYMENT_TARGET = 10.3;
				MTL_ENABLE_DEBUG_INFO = NO;
				SDKROOT = iphoneos;
				SWIFT_OPTIMIZATION_LEVEL = "-Owholemodule";
				VALIDATE_PRODUCT = YES;
			};
			name = Release;
		};
		2A6189521ECD4F13000C4FBF /* Debug */ = {
			isa = XCBuildConfiguration;
			buildSettings = {
				ASSETCATALOG_COMPILER_APPICON_NAME = AppIcon;
				INFOPLIST_FILE = TYPageViewDemo1/Info.plist;
				LD_RUNPATH_SEARCH_PATHS = "$(inherited) @executable_path/Frameworks";
				PRODUCT_BUNDLE_IDENTIFIER = com.lovego.TYPageViewDemo1;
				PRODUCT_NAME = "$(TARGET_NAME)";
				SWIFT_VERSION = 3.0;
			};
			name = Debug;
		};
		2A6189531ECD4F13000C4FBF /* Release */ = {
			isa = XCBuildConfiguration;
			buildSettings = {
				ASSETCATALOG_COMPILER_APPICON_NAME = AppIcon;
				INFOPLIST_FILE = TYPageViewDemo1/Info.plist;
				LD_RUNPATH_SEARCH_PATHS = "$(inherited) @executable_path/Frameworks";
				PRODUCT_BUNDLE_IDENTIFIER = com.lovego.TYPageViewDemo1;
				PRODUCT_NAME = "$(TARGET_NAME)";
				SWIFT_VERSION = 3.0;
			};
			name = Release;
		};
		2A6189551ECD4F13000C4FBF /* Debug */ = {
			isa = XCBuildConfiguration;
			buildSettings = {
				ALWAYS_EMBED_SWIFT_STANDARD_LIBRARIES = YES;
				BUNDLE_LOADER = "$(TEST_HOST)";
				INFOPLIST_FILE = TYPageViewDemo1Tests/Info.plist;
				LD_RUNPATH_SEARCH_PATHS = "$(inherited) @executable_path/Frameworks @loader_path/Frameworks";
				PRODUCT_BUNDLE_IDENTIFIER = com.lovego.TYPageViewDemo1Tests;
				PRODUCT_NAME = "$(TARGET_NAME)";
				SWIFT_VERSION = 3.0;
				TEST_HOST = "$(BUILT_PRODUCTS_DIR)/TYPageViewDemo1.app/TYPageViewDemo1";
			};
			name = Debug;
		};
		2A6189561ECD4F13000C4FBF /* Release */ = {
			isa = XCBuildConfiguration;
			buildSettings = {
				ALWAYS_EMBED_SWIFT_STANDARD_LIBRARIES = YES;
				BUNDLE_LOADER = "$(TEST_HOST)";
				INFOPLIST_FILE = TYPageViewDemo1Tests/Info.plist;
				LD_RUNPATH_SEARCH_PATHS = "$(inherited) @executable_path/Frameworks @loader_path/Frameworks";
				PRODUCT_BUNDLE_IDENTIFIER = com.lovego.TYPageViewDemo1Tests;
				PRODUCT_NAME = "$(TARGET_NAME)";
				SWIFT_VERSION = 3.0;
				TEST_HOST = "$(BUILT_PRODUCTS_DIR)/TYPageViewDemo1.app/TYPageViewDemo1";
			};
			name = Release;
		};
		2A6189581ECD4F13000C4FBF /* Debug */ = {
			isa = XCBuildConfiguration;
			buildSettings = {
				ALWAYS_EMBED_SWIFT_STANDARD_LIBRARIES = YES;
				INFOPLIST_FILE = TYPageViewDemo1UITests/Info.plist;
				LD_RUNPATH_SEARCH_PATHS = "$(inherited) @executable_path/Frameworks @loader_path/Frameworks";
				PRODUCT_BUNDLE_IDENTIFIER = com.lovego.TYPageViewDemo1UITests;
				PRODUCT_NAME = "$(TARGET_NAME)";
				SWIFT_VERSION = 3.0;
				TEST_TARGET_NAME = TYPageViewDemo1;
			};
			name = Debug;
		};
		2A6189591ECD4F13000C4FBF /* Release */ = {
			isa = XCBuildConfiguration;
			buildSettings = {
				ALWAYS_EMBED_SWIFT_STANDARD_LIBRARIES = YES;
				INFOPLIST_FILE = TYPageViewDemo1UITests/Info.plist;
				LD_RUNPATH_SEARCH_PATHS = "$(inherited) @executable_path/Frameworks @loader_path/Frameworks";
				PRODUCT_BUNDLE_IDENTIFIER = com.lovego.TYPageViewDemo1UITests;
				PRODUCT_NAME = "$(TARGET_NAME)";
				SWIFT_VERSION = 3.0;
				TEST_TARGET_NAME = TYPageViewDemo1;
			};
			name = Release;
		};
/* End XCBuildConfiguration section */

/* Begin XCConfigurationList section */
		2A6189241ECD4F12000C4FBF /* Build configuration list for PBXProject "TYPageViewDemo1" */ = {
			isa = XCConfigurationList;
			buildConfigurations = (
				2A61894F1ECD4F13000C4FBF /* Debug */,
				2A6189501ECD4F13000C4FBF /* Release */,
			);
			defaultConfigurationIsVisible = 0;
			defaultConfigurationName = Release;
		};
		2A6189511ECD4F13000C4FBF /* Build configuration list for PBXNativeTarget "TYPageViewDemo1" */ = {
			isa = XCConfigurationList;
			buildConfigurations = (
				2A6189521ECD4F13000C4FBF /* Debug */,
				2A6189531ECD4F13000C4FBF /* Release */,
			);
			defaultConfigurationIsVisible = 0;
		};
		2A6189541ECD4F13000C4FBF /* Build configuration list for PBXNativeTarget "TYPageViewDemo1Tests" */ = {
			isa = XCConfigurationList;
			buildConfigurations = (
				2A6189551ECD4F13000C4FBF /* Debug */,
				2A6189561ECD4F13000C4FBF /* Release */,
			);
			defaultConfigurationIsVisible = 0;
		};
		2A6189571ECD4F13000C4FBF /* Build configuration list for PBXNativeTarget "TYPageViewDemo1UITests" */ = {
			isa = XCConfigurationList;
			buildConfigurations = (
				2A6189581ECD4F13000C4FBF /* Debug */,
				2A6189591ECD4F13000C4FBF /* Release */,
			);
			defaultConfigurationIsVisible = 0;
		};
/* End XCConfigurationList section */
	};
	rootObject = 2A6189211ECD4F12000C4FBF /* Project object */;
}
